
Microsoft Visual Studio Solution File, Format Version 12.00
# Visual Studio Version 17
VisualStudioVersion = 17.7.34202.233
MinimumVisualStudioVersion = 10.0.40219.1
Project("{FAE04EC0-301F-11D3-BF4B-00C04F79EFBC}") = "RawInputReader", "RawInputReader\RawInputReader.csproj", "{44FE87EE-5E4C-4BAD-9CCC-BC281FC323F1}"
EndProject
Global
	GlobalSection(SolutionConfigurationPlatforms) = preSolution
		Debug|Any CPU = Debug|Any CPU
		Release|Any CPU = Release|Any CPU
	EndGlobalSection
	GlobalSection(ProjectConfigurationPlatforms) = postSolution
		{44FE87EE-5E4C-4BAD-9CCC-BC281FC323F1}.Debug|Any CPU.ActiveCfg = Debug|Any CPU
		{44FE87EE-5E4C-4BAD-9CCC-BC281FC323F1}.Debug|Any CPU.Build.0 = Debug|Any CPU
		{44FE87EE-5E4C-4BAD-9CCC-BC281FC323F1}.Release|Any CPU.ActiveCfg = Release|Any CPU
		{44FE87EE-5E4C-4BAD-9CCC-BC281FC323F1}.Release|Any CPU.Build.0 = Release|Any CPU
	EndGlobalSection
	GlobalSection(SolutionProperties) = preSolution
		HideSolutionNode = FALSE
	EndGlobalSection
	GlobalSection(ExtensibilityGlobals) = postSolution
		SolutionGuid = {B62C3DF4-9197-4BE7-94B2-1E539C463000}
	EndGlobalSection
EndGlobal
